// !$*UTF8*$!
{
	archiveVersion = 1;
	classes = {
	};
	objectVersion = 77;
	objects = {

/* Begin PBXContainerItemProxy section */
		C856CF2C2DD6BDD2009522F9 /* PBXContainerItemProxy */ = {
			isa = PBXContainerItemProxy;
			containerPortal = C856CF162DD6BDD0009522F9 /* Project object */;
			proxyType = 1;
			remoteGlobalIDString = C856CF1D2DD6BDD0009522F9;
			remoteInfo = "Sky Planner";
		};
		C856CF362DD6BDD2009522F9 /* PBXContainerItemProxy */ = {
			isa = PBXContainerItemProxy;
			containerPortal = C856CF162DD6BDD0009522F9 /* Project object */;
			proxyType = 1;
			remoteGlobalIDString = C856CF1D2DD6BDD0009522F9;
			remoteInfo = "Sky Planner";
		};
/* End PBXContainerItemProxy section */

/* Begin PBXFileReference section */
		C856CF1E2DD6BDD0009522F9 /* Sky Planner.app */ = {isa = PBXFileReference; explicitFileType = wrapper.application; includeInIndex = 0; path = "Sky Planner.app"; sourceTree = BUILT_PRODUCTS_DIR; };
		C856CF2B2DD6BDD2009522F9 /* Sky PlannerTests.xctest */ = {isa = PBXFileReference; explicitFileType = wrapper.cfbundle; includeInIndex = 0; path = "Sky PlannerTests.xctest"; sourceTree = BUILT_PRODUCTS_DIR; };
		C856CF352DD6BDD2009522F9 /* Sky PlannerUITests.xctest */ = {isa = PBXFileReference; explicitFileType = wrapper.cfbundle; includeInIndex = 0; path = "Sky PlannerUITests.xctest"; sourceTree = BUILT_PRODUCTS_DIR; };
/* End PBXFileReference section */

/* Begin PBXFileSystemSynchronizedRootGroup section */
		C856CF202DD6BDD0009522F9 /* Sky Planner */ = {
			isa = PBXFileSystemSynchronizedRootGroup;
			path = "Sky Planner";
			sourceTree = "<group>";
		};
		C856CF2E2DD6BDD2009522F9 /* Sky PlannerTests */ = {
			isa = PBXFileSystemSynchronizedRootGroup;
			path = "Sky PlannerTests";
			sourceTree = "<group>";
		};
		C856CF382DD6BDD2009522F9 /* Sky PlannerUITests */ = {
			isa = PBXFileSystemSynchronizedRootGroup;
			path = "Sky PlannerUITests";
			sourceTree = "<group>";
		};
/* End PBXFileSystemSynchronizedRootGroup section */

/* Begin PBXFrameworksBuildPhase section */
		C856CF1B2DD6BDD0009522F9 /* Frameworks */ = {
			isa = PBXFrameworksBuildPhase;
			buildActionMask = 2147483647;
			files = (
			);
			runOnlyForDeploymentPostprocessing = 0;
		};
		C856CF282DD6BDD2009522F9 /* Frameworks */ = {
			isa = PBXFrameworksBuildPhase;
			buildActionMask = 2147483647;
			files = (
			);
			runOnlyForDeploymentPostprocessing = 0;
		};
		C856CF322DD6BDD2009522F9 /* Frameworks */ = {
			isa = PBXFrameworksBuildPhase;
			buildActionMask = 2147483647;
			files = (
			);
			runOnlyForDeploymentPostprocessing = 0;
		};
/* End PBXFrameworksBuildPhase section */

/* Begin PBXGroup section */
		C856CF152DD6BDD0009522F9 = {
			isa = PBXGroup;
			children = (
				C856CF202DD6BDD0009522F9 /* Sky Planner */,
				C856CF2E2DD6BDD2009522F9 /* Sky PlannerTests */,
				C856CF382DD6BDD2009522F9 /* Sky PlannerUITests */,
				C856CF1F2DD6BDD0009522F9 /* Products */,
			);
			sourceTree = "<group>";
		};
		C856CF1F2DD6BDD0009522F9 /* Products */ = {
			isa = PBXGroup;
			children = (
				C856CF1E2DD6BDD0009522F9 /* Sky Planner.app */,
				C856CF2B2DD6BDD2009522F9 /* Sky PlannerTests.xctest */,
				C856CF352DD6BDD2009522F9 /* Sky PlannerUITests.xctest */,
			);
			name = Products;
			sourceTree = "<group>";
		};
/* End PBXGroup section */

/* Begin PBXNativeTarget section */
		C856CF1D2DD6BDD0009522F9 /* Sky Planner */ = {
			isa = PBXNativeTarget;
			buildConfigurationList = C856CF3F2DD6BDD2009522F9 /* Build configuration list for PBXNativeTarget "Sky Planner" */;
			buildPhases = (
				C856CF1A2DD6BDD0009522F9 /* Sources */,
				C856CF1B2DD6BDD0009522F9 /* Frameworks */,
				C856CF1C2DD6BDD0009522F9 /* Resources */,
			);
			buildRules = (
			);
			dependencies = (
			);
			fileSystemSynchronizedGroups = (
				C856CF202DD6BDD0009522F9 /* Sky Planner */,
			);
			name = "Sky Planner";
			packageProductDependencies = (
			);
			productName = "Sky Planner";
			productReference = C856CF1E2DD6BDD0009522F9 /* Sky Planner.app */;
			productType = "com.apple.product-type.application";
		};
		C856CF2A2DD6BDD2009522F9 /* Sky PlannerTests */ = {
			isa = PBXNativeTarget;
			buildConfigurationList = C856CF422DD6BDD2009522F9 /* Build configuration list for PBXNativeTarget "Sky PlannerTests" */;
			buildPhases = (
				C856CF272DD6BDD2009522F9 /* Sources */,
				C856CF282DD6BDD2009522F9 /* Frameworks */,
				C856CF292DD6BDD2009522F9 /* Resources */,
			);
			buildRules = (
			);
			dependencies = (
				C856CF2D2DD6BDD2009522F9 /* PBXTargetDependency */,
			);
			fileSystemSynchronizedGroups = (
				C856CF2E2DD6BDD2009522F9 /* Sky PlannerTests */,
			);
			name = "Sky PlannerTests";
			packageProductDependencies = (
			);
			productName = "Sky PlannerTests";
			productReference = C856CF2B2DD6BDD2009522F9 /* Sky PlannerTests.xctest */;
			productType = "com.apple.product-type.bundle.unit-test";
		};
		C856CF342DD6BDD2009522F9 /* Sky PlannerUITests */ = {
			isa = PBXNativeTarget;
			buildConfigurationList = C856CF452DD6BDD2009522F9 /* Build configuration list for PBXNativeTarget "Sky PlannerUITests" */;
			buildPhases = (
				C856CF312DD6BDD2009522F9 /* Sources */,
				C856CF322DD6BDD2009522F9 /* Frameworks */,
				C856CF332DD6BDD2009522F9 /* Resources */,
			);
			buildRules = (
			);
			dependencies = (
				C856CF372DD6BDD2009522F9 /* PBXTargetDependency */,
			);
			fileSystemSynchronizedGroups = (
				C856CF382DD6BDD2009522F9 /* Sky PlannerUITests */,
			);
			name = "Sky PlannerUITests";
			packageProductDependencies = (
			);
			productName = "Sky PlannerUITests";
			productReference = C856CF352DD6BDD2009522F9 /* Sky PlannerUITests.xctest */;
			productType = "com.apple.product-type.bundle.ui-testing";
		};
/* End PBXNativeTarget section */

/* Begin PBXProject section */
		C856CF162DD6BDD0009522F9 /* Project object */ = {
			isa = PBXProject;
			attributes = {
				BuildIndependentTargetsInParallel = 1;
				LastSwiftUpdateCheck = 1630;
				LastUpgradeCheck = 1630;
				TargetAttributes = {
					C856CF1D2DD6BDD0009522F9 = {
						CreatedOnToolsVersion = 16.3;
					};
					C856CF2A2DD6BDD2009522F9 = {
						CreatedOnToolsVersion = 16.3;
						TestTargetID = C856CF1D2DD6BDD0009522F9;
					};
					C856CF342DD6BDD2009522F9 = {
						CreatedOnToolsVersion = 16.3;
						TestTargetID = C856CF1D2DD6BDD0009522F9;
					};
				};
			};
			buildConfigurationList = C856CF192DD6BDD0009522F9 /* Build configuration list for PBXProject "Sky Planner" */;
			developmentRegion = en;
			hasScannedForEncodings = 0;
			knownRegions = (
				en,
				Base,
			);
			mainGroup = C856CF152DD6BDD0009522F9;
			minimizedProjectReferenceProxies = 1;
			preferredProjectObjectVersion = 77;
			productRefGroup = C856CF1F2DD6BDD0009522F9 /* Products */;
			projectDirPath = "";
			projectRoot = "";
			targets = (
				C856CF1D2DD6BDD0009522F9 /* Sky Planner */,
				C856CF2A2DD6BDD2009522F9 /* Sky PlannerTests */,
				C856CF342DD6BDD2009522F9 /* Sky PlannerUITests */,
			);
		};
/* End PBXProject section */

/* Begin PBXResourcesBuildPhase section */
		C856CF1C2DD6BDD0009522F9 /* Resources */ = {
			isa = PBXResourcesBuildPhase;
			buildActionMask = 2147483647;
			files = (
			);
			runOnlyForDeploymentPostprocessing = 0;
		};
		C856CF292DD6BDD2009522F9 /* Resources */ = {
			isa = PBXResourcesBuildPhase;
			buildActionMask = 2147483647;
			files = (
			);
			runOnlyForDeploymentPostprocessing = 0;
		};
		C856CF332DD6BDD2009522F9 /* Resources */ = {
			isa = PBXResourcesBuildPhase;
			buildActionMask = 2147483647;
			files = (
			);
			runOnlyForDeploymentPostprocessing = 0;
		};
/* End PBXResourcesBuildPhase section */

/* Begin PBXSourcesBuildPhase section */
		C856CF1A2DD6BDD0009522F9 /* Sources */ = {
			isa = PBXSourcesBuildPhase;
			buildActionMask = 2147483647;
			files = (
			);
			runOnlyForDeploymentPostprocessing = 0;
		};
		C856CF272DD6BDD2009522F9 /* Sources */ = {
			isa = PBXSourcesBuildPhase;
			buildActionMask = 2147483647;
			files = (
			);
			runOnlyForDeploymentPostprocessing = 0;
		};
		C856CF312DD6BDD2009522F9 /* Sources */ = {
			isa = PBXSourcesBuildPhase;
			buildActionMask = 2147483647;
			files = (
			);
			runOnlyForDeploymentPostprocessing = 0;
		};
/* End PBXSourcesBuildPhase section */

/* Begin PBXTargetDependency section */
		C856CF2D2DD6BDD2009522F9 /* PBXTargetDependency */ = {
			isa = PBXTargetDependency;
			target = C856CF1D2DD6BDD0009522F9 /* Sky Planner */;
			targetProxy = C856CF2C2DD6BDD2009522F9 /* PBXContainerItemProxy */;
		};
		C856CF372DD6BDD2009522F9 /* PBXTargetDependency */ = {
			isa = PBXTargetDependency;
			target = C856CF1D2DD6BDD0009522F9 /* Sky Planner */;
			targetProxy = C856CF362DD6BDD2009522F9 /* PBXContainerItemProxy */;
		};
/* End PBXTargetDependency section */

/* Begin XCBuildConfiguration section */
		C856CF3D2DD6BDD2009522F9 /* Debug */ = {
			isa = XCBuildConfiguration;
			buildSettings = {
				ALWAYS_SEARCH_USER_PATHS = NO;
				ASSETCATALOG_COMPILER_GENERATE_SWIFT_ASSET_SYMBOL_EXTENSIONS = YES;
				CLANG_ANALYZER_NONNULL = YES;
				CLANG_ANALYZER_NUMBER_OBJECT_CONVERSION = YES_AGGRESSIVE;
				CLANG_CXX_LANGUAGE_STANDARD = "gnu++20";
				CLANG_ENABLE_MODULES = YES;
				CLANG_ENABLE_OBJC_ARC = YES;
				CLANG_ENABLE_OBJC_WEAK = YES;
				CLANG_WARN_BLOCK_CAPTURE_AUTORELEASING = YES;
				CLANG_WARN_BOOL_CONVERSION = YES;
				CLANG_WARN_COMMA = YES;
				CLANG_WARN_CONSTANT_CONVERSION = YES;
				CLANG_WARN_DEPRECATED_OBJC_IMPLEMENTATIONS = YES;
				CLANG_WARN_DIRECT_OBJC_ISA_USAGE = YES_ERROR;
				CLANG_WARN_DOCUMENTATION_COMMENTS = YES;
				CLANG_WARN_EMPTY_BODY = YES;
				CLANG_WARN_ENUM_CONVERSION = YES;
				CLANG_WARN_INFINITE_RECURSION = YES;
				CLANG_WARN_INT_CONVERSION = YES;
				CLANG_WARN_NON_LITERAL_NULL_CONVERSION = YES;
				CLANG_WARN_OBJC_IMPLICIT_RETAIN_SELF = YES;
				CLANG_WARN_OBJC_LITERAL_CONVERSION = YES;
				CLANG_WARN_OBJC_ROOT_CLASS = YES_ERROR;
				CLANG_WARN_QUOTED_INCLUDE_IN_FRAMEWORK_HEADER = YES;
				CLANG_WARN_RANGE_LOOP_ANALYSIS = YES;
				CLANG_WARN_STRICT_PROTOTYPES = YES;
				CLANG_WARN_SUSPICIOUS_MOVE = YES;
				CLANG_WARN_UNGUARDED_AVAILABILITY = YES_AGGRESSIVE;
				CLANG_WARN_UNREACHABLE_CODE = YES;
				CLANG_WARN__DUPLICATE_METHOD_MATCH = YES;
				COPY_PHASE_STRIP = NO;
				DEBUG_INFORMATION_FORMAT = dwarf;
				ENABLE_STRICT_OBJC_MSGSEND = YES;
				ENABLE_TESTABILITY = YES;
				ENABLE_USER_SCRIPT_SANDBOXING = YES;
				GCC_C_LANGUAGE_STANDARD = gnu17;
				GCC_DYNAMIC_NO_PIC = NO;
				GCC_NO_COMMON_BLOCKS = YES;
				GCC_OPTIMIZATION_LEVEL = 0;
				GCC_PREPROCESSOR_DEFINITIONS = (
					"DEBUG=1",
					"$(inherited)",
				);
				GCC_WARN_64_TO_32_BIT_CONVERSION = YES;
				GCC_WARN_ABOUT_RETURN_TYPE = YES_ERROR;
				GCC_WARN_UNDECLARED_SELECTOR = YES;
				GCC_WARN_UNINITIALIZED_AUTOS = YES_AGGRESSIVE;
				GCC_WARN_UNUSED_FUNCTION = YES;
				GCC_WARN_UNUSED_VARIABLE = YES;
				IPHONEOS_DEPLOYMENT_TARGET = 18.4;
				LOCALIZATION_PREFERS_STRING_CATALOGS = YES;
				MTL_ENABLE_DEBUG_INFO = INCLUDE_SOURCE;
				MTL_FAST_MATH = YES;
				ONLY_ACTIVE_ARCH = YES;
				SDKROOT = iphoneos;
				SWIFT_ACTIVE_COMPILATION_CONDITIONS = "DEBUG $(inherited)";
				SWIFT_OPTIMIZATION_LEVEL = "-Onone";
			};
			name = Debug;
		};
		C856CF3E2DD6BDD2009522F9 /* Release */ = {
			isa = XCBuildConfiguration;
			buildSettings = {
				ALWAYS_SEARCH_USER_PATHS = NO;
				ASSETCATALOG_COMPILER_GENERATE_SWIFT_ASSET_SYMBOL_EXTENSIONS = YES;
				CLANG_ANALYZER_NONNULL = YES;
				CLANG_ANALYZER_NUMBER_OBJECT_CONVERSION = YES_AGGRESSIVE;
				CLANG_CXX_LANGUAGE_STANDARD = "gnu++20";
				CLANG_ENABLE_MODULES = YES;
				CLANG_ENABLE_OBJC_ARC = YES;
				CLANG_ENABLE_OBJC_WEAK = YES;
				CLANG_WARN_BLOCK_CAPTURE_AUTORELEASING = YES;
				CLANG_WARN_BOOL_CONVERSION = YES;
				CLANG_WARN_COMMA = YES;
				CLANG_WARN_CONSTANT_CONVERSION = YES;
				CLANG_WARN_DEPRECATED_OBJC_IMPLEMENTATIONS = YES;
				CLANG_WARN_DIRECT_OBJC_ISA_USAGE = YES_ERROR;
				CLANG_WARN_DOCUMENTATION_COMMENTS = YES;
				CLANG_WARN_EMPTY_BODY = YES;
				CLANG_WARN_ENUM_CONVERSION = YES;
				CLANG_WARN_INFINITE_RECURSION = YES;
				CLANG_WARN_INT_CONVERSION = YES;
				CLANG_WARN_NON_LITERAL_NULL_CONVERSION = YES;
				CLANG_WARN_OBJC_IMPLICIT_RETAIN_SELF = YES;
				CLANG_WARN_OBJC_LITERAL_CONVERSION = YES;
				CLANG_WARN_OBJC_ROOT_CLASS = YES_ERROR;
				CLANG_WARN_QUOTED_INCLUDE_IN_FRAMEWORK_HEADER = YES;
				CLANG_WARN_RANGE_LOOP_ANALYSIS = YES;
				CLANG_WARN_STRICT_PROTOTYPES = YES;
				CLANG_WARN_SUSPICIOUS_MOVE = YES;
				CLANG_WARN_UNGUARDED_AVAILABILITY = YES_AGGRESSIVE;
				CLANG_WARN_UNREACHABLE_CODE = YES;
				CLANG_WARN__DUPLICATE_METHOD_MATCH = YES;
				COPY_PHASE_STRIP = NO;
				DEBUG_INFORMATION_FORMAT = "dwarf-with-dsym";
				ENABLE_NS_ASSERTIONS = NO;
				ENABLE_STRICT_OBJC_MSGSEND = YES;
				ENABLE_USER_SCRIPT_SANDBOXING = YES;
				GCC_C_LANGUAGE_STANDARD = gnu17;
				GCC_NO_COMMON_BLOCKS = YES;
				GCC_WARN_64_TO_32_BIT_CONVERSION = YES;
				GCC_WARN_ABOUT_RETURN_TYPE = YES_ERROR;
				GCC_WARN_UNDECLARED_SELECTOR = YES;
				GCC_WARN_UNINITIALIZED_AUTOS = YES_AGGRESSIVE;
				GCC_WARN_UNUSED_FUNCTION = YES;
				GCC_WARN_UNUSED_VARIABLE = YES;
				IPHONEOS_DEPLOYMENT_TARGET = 18.4;
				LOCALIZATION_PREFERS_STRING_CATALOGS = YES;
				MTL_ENABLE_DEBUG_INFO = NO;
				MTL_FAST_MATH = YES;
				SDKROOT = iphoneos;
				SWIFT_COMPILATION_MODE = wholemodule;
				VALIDATE_PRODUCT = YES;
			};
			name = Release;
		};
		C856CF402DD6BDD2009522F9 /* Debug */ = {
			isa = XCBuildConfiguration;
			buildSettings = {
				ASSETCATALOG_COMPILER_APPICON_NAME = AppIcon;
				ASSETCATALOG_COMPILER_GLOBAL_ACCENT_COLOR_NAME = AccentColor;
				CODE_SIGN_STYLE = Automatic;
				CURRENT_PROJECT_VERSION = 1;
				ENABLE_PREVIEWS = YES;
				GENERATE_INFOPLIST_FILE = YES;
				INFOPLIST_KEY_UIApplicationSceneManifest_Generation = YES;
				INFOPLIST_KEY_UIApplicationSupportsIndirectInputEvents = YES;
				INFOPLIST_KEY_UILaunchScreen_Generation = YES;
				INFOPLIST_KEY_UISupportedInterfaceOrientations_iPad = "UIInterfaceOrientationPortrait UIInterfaceOrientationPortraitUpsideDown UIInterfaceOrientationLandscapeLeft UIInterfaceOrientationLandscapeRight";
				INFOPLIST_KEY_UISupportedInterfaceOrientations_iPhone = "UIInterfaceOrientationPortrait UIInterfaceOrientationLandscapeLeft UIInterfaceOrientationLandscapeRight";
				LD_RUNPATH_SEARCH_PATHS = (
					"$(inherited)",
					"@executable_path/Frameworks",
				);
				MARKETING_VERSION = 1.0;
				PRODUCT_BUNDLE_IDENTIFIER = "com.triosjs.Sky-Planner";
				PRODUCT_NAME = "$(TARGET_NAME)";
				SWIFT_EMIT_LOC_STRINGS = YES;
				SWIFT_VERSION = 5.0;
				TARGETED_DEVICE_FAMILY = "1,2";
			};
			name = Debug;
		};
		C856CF412DD6BDD2009522F9 /* Release */ = {
			isa = XCBuildConfiguration;
			buildSettings = {
				ASSETCATALOG_COMPILER_APPICON_NAME = AppIcon;
				ASSETCATALOG_COMPILER_GLOBAL_ACCENT_COLOR_NAME = AccentColor;
				CODE_SIGN_STYLE = Automatic;
				CURRENT_PROJECT_VERSION = 1;
				ENABLE_PREVIEWS = YES;
				GENERATE_INFOPLIST_FILE = YES;
				INFOPLIST_KEY_UIApplicationSceneManifest_Generation = YES;
				INFOPLIST_KEY_UIApplicationSupportsIndirectInputEvents = YES;
				INFOPLIST_KEY_UILaunchScreen_Generation = YES;
				INFOPLIST_KEY_UISupportedInterfaceOrientations_iPad = "UIInterfaceOrientationPortrait UIInterfaceOrientationPortraitUpsideDown UIInterfaceOrientationLandscapeLeft UIInterfaceOrientationLandscapeRight";
				INFOPLIST_KEY_UISupportedInterfaceOrientations_iPhone = "UIInterfaceOrientationPortrait UIInterfaceOrientationLandscapeLeft UIInterfaceOrientationLandscapeRight";
				LD_RUNPATH_SEARCH_PATHS = (
					"$(inherited)",
					"@executable_path/Frameworks",
				);
				MARKETING_VERSION = 1.0;
				PRODUCT_BUNDLE_IDENTIFIER = "com.triosjs.Sky-Planner";
				PRODUCT_NAME = "$(TARGET_NAME)";
				SWIFT_EMIT_LOC_STRINGS = YES;
				SWIFT_VERSION = 5.0;
				TARGETED_DEVICE_FAMILY = "1,2";
			};
			name = Release;
		};
		C856CF432DD6BDD2009522F9 /* Debug */ = {
			isa = XCBuildConfiguration;
			buildSettings = {
				BUNDLE_LOADER = "$(TEST_HOST)";
				CODE_SIGN_STYLE = Automatic;
				CURRENT_PROJECT_VERSION = 1;
				GENERATE_INFOPLIST_FILE = YES;
				IPHONEOS_DEPLOYMENT_TARGET = 18.4;
				MARKETING_VERSION = 1.0;
				PRODUCT_BUNDLE_IDENTIFIER = "com.triosjs.Sky-PlannerTests";
				PRODUCT_NAME = "$(TARGET_NAME)";
				SWIFT_EMIT_LOC_STRINGS = NO;
				SWIFT_VERSION = 5.0;
				TARGETED_DEVICE_FAMILY = "1,2";
				TEST_HOST = "$(BUILT_PRODUCTS_DIR)/Sky Planner.app/$(BUNDLE_EXECUTABLE_FOLDER_PATH)/Sky Planner";
			};
			name = Debug;
		};
		C856CF442DD6BDD2009522F9 /* Release */ = {
			isa = XCBuildConfiguration;
			buildSettings = {
				BUNDLE_LOADER = "$(TEST_HOST)";
				CODE_SIGN_STYLE = Automatic;
				CURRENT_PROJECT_VERSION = 1;
				GENERATE_INFOPLIST_FILE = YES;
				IPHONEOS_DEPLOYMENT_TARGET = 18.4;
				MARKETING_VERSION = 1.0;
				PRODUCT_BUNDLE_IDENTIFIER = "com.triosjs.Sky-PlannerTests";
				PRODUCT_NAME = "$(TARGET_NAME)";
				SWIFT_EMIT_LOC_STRINGS = NO;
				SWIFT_VERSION = 5.0;
				TARGETED_DEVICE_FAMILY = "1,2";
				TEST_HOST = "$(BUILT_PRODUCTS_DIR)/Sky Planner.app/$(BUNDLE_EXECUTABLE_FOLDER_PATH)/Sky Planner";
			};
			name = Release;
		};
		C856CF462DD6BDD2009522F9 /* Debug */ = {
			isa = XCBuildConfiguration;
			buildSettings = {
				CODE_SIGN_STYLE = Automatic;
				CURRENT_PROJECT_VERSION = 1;
				GENERATE_INFOPLIST_FILE = YES;
				MARKETING_VERSION = 1.0;
				PRODUCT_BUNDLE_IDENTIFIER = "com.triosjs.Sky-PlannerUITests";
				PRODUCT_NAME = "$(TARGET_NAME)";
				SWIFT_EMIT_LOC_STRINGS = NO;
				SWIFT_VERSION = 5.0;
				TARGETED_DEVICE_FAMILY = "1,2";
				TEST_TARGET_NAME = "Sky Planner";
			};
			name = Debug;
		};
		C856CF472DD6BDD2009522F9 /* Release */ = {
			isa = XCBuildConfiguration;
			buildSettings = {
				CODE_SIGN_STYLE = Automatic;
				CURRENT_PROJECT_VERSION = 1;
				GENERATE_INFOPLIST_FILE = YES;
				MARKETING_VERSION = 1.0;
				PRODUCT_BUNDLE_IDENTIFIER = "com.triosjs.Sky-PlannerUITests";
				PRODUCT_NAME = "$(TARGET_NAME)";
				SWIFT_EMIT_LOC_STRINGS = NO;
				SWIFT_VERSION = 5.0;
				TARGETED_DEVICE_FAMILY = "1,2";
				TEST_TARGET_NAME = "Sky Planner";
			};
			name = Release;
		};
/* End XCBuildConfiguration section */

/* Begin XCConfigurationList section */
		C856CF192DD6BDD0009522F9 /* Build configuration list for PBXProject "Sky Planner" */ = {
			isa = XCConfigurationList;
			buildConfigurations = (
				C856CF3D2DD6BDD2009522F9 /* Debug */,
				C856CF3E2DD6BDD2009522F9 /* Release */,
			);
			defaultConfigurationIsVisible = 0;
			defaultConfigurationName = Release;
		};
		C856CF3F2DD6BDD2009522F9 /* Build configuration list for PBXNativeTarget "Sky Planner" */ = {
			isa = XCConfigurationList;
			buildConfigurations = (
				C856CF402DD6BDD2009522F9 /* Debug */,
				C856CF412DD6BDD2009522F9 /* Release */,
			);
			defaultConfigurationIsVisible = 0;
			defaultConfigurationName = Release;
		};
		C856CF422DD6BDD2009522F9 /* Build configuration list for PBXNativeTarget "Sky PlannerTests" */ = {
			isa = XCConfigurationList;
			buildConfigurations = (
				C856CF432DD6BDD2009522F9 /* Debug */,
				C856CF442DD6BDD2009522F9 /* Release */,
			);
			defaultConfigurationIsVisible = 0;
			defaultConfigurationName = Release;
		};
		C856CF452DD6BDD2009522F9 /* Build configuration list for PBXNativeTarget "Sky PlannerUITests" */ = {
			isa = XCConfigurationList;
			buildConfigurations = (
				C856CF462DD6BDD2009522F9 /* Debug */,
				C856CF472DD6BDD2009522F9 /* Release */,
			);
			defaultConfigurationIsVisible = 0;
			defaultConfigurationName = Release;
		};
/* End XCConfigurationList section */
	};
	rootObject = C856CF162DD6BDD0009522F9 /* Project object */;
}
